
Microsoft Visual Studio Solution File, Format Version 12.00
# Visual Studio Version 16
VisualStudioVersion = 16.0.31410.357
MinimumVisualStudioVersion = 10.0.40219.1
Project("{FAE04EC0-301F-11D3-BF4B-00C04F79EFBC}") = "Database - exercise", "Database - exercise\Database - exercise.csproj", "{08CD5A45-E989-48FA-8471-675543551C65}"
EndProject
Global
	GlobalSection(SolutionConfigurationPlatforms) = preSolution
		Debug|Any CPU = Debug|Any CPU
		Release|Any CPU = Release|Any CPU
	EndGlobalSection
	GlobalSection(ProjectConfigurationPlatforms) = postSolution
		{08CD5A45-E989-48FA-8471-675543551C65}.Debug|Any CPU.ActiveCfg = Debug|Any CPU
		{08CD5A45-E989-48FA-8471-675543551C65}.Debug|Any CPU.Build.0 = Debug|Any CPU
		{08CD5A45-E989-48FA-8471-675543551C65}.Release|Any CPU.ActiveCfg = Release|Any CPU
		{08CD5A45-E989-48FA-8471-675543551C65}.Release|Any CPU.Build.0 = Release|Any CPU
	EndGlobalSection
	GlobalSection(SolutionProperties) = preSolution
		HideSolutionNode = FALSE
	EndGlobalSection
	GlobalSection(ExtensibilityGlobals) = postSolution
		SolutionGuid = {B5DCF975-5866-420C-B296-B375C81022B9}
	EndGlobalSection
EndGlobal
